
Microsoft Visual Studio Solution File, Format Version 12.00
# Visual Studio Version 16
VisualStudioVersion = 16.0.29613.14
MinimumVisualStudioVersion = 10.0.40219.1
Project("{FAE04EC0-301F-11D3-BF4B-00C04F79EFBC}") = "WebApplication2", "WebApplication2.csproj", "{70980E0E-68E0-463A-857F-7CDF3F764D43}"
EndProject
Global
	GlobalSection(SolutionConfigurationPlatforms) = preSolution
		Debug|Any CPU = Debug|Any CPU
		Release|Any CPU = Release|Any CPU
	EndGlobalSection
	GlobalSection(ProjectConfigurationPlatforms) = postSolution
		{70980E0E-68E0-463A-857F-7CDF3F764D43}.Debug|Any CPU.ActiveCfg = Debug|Any CPU
		{70980E0E-68E0-463A-857F-7CDF3F764D43}.Debug|Any CPU.Build.0 = Debug|Any CPU
		{70980E0E-68E0-463A-857F-7CDF3F764D43}.Release|Any CPU.ActiveCfg = Release|Any CPU
		{70980E0E-68E0-463A-857F-7CDF3F764D43}.Release|Any CPU.Build.0 = Release|Any CPU
	EndGlobalSection
	GlobalSection(SolutionProperties) = preSolution
		HideSolutionNode = FALSE
	EndGlobalSection
	GlobalSection(ExtensibilityGlobals) = postSolution
		SolutionGuid = {666C73B6-976A-46AE-A880-1A97BAC35490}
	EndGlobalSection
EndGlobal
